<?xml version="1.0" encoding="utf-8"?>
<Project ToolsVersion="4.0" xmlns="http://schemas.microsoft.com/developer/msbuild/2003">
  <ItemGroup>
    <Filter Include="Lilac">
      <UniqueIdentifier>{8AB2990D-F6C6-C1BE-BF48-651E2B1CBEEF}</UniqueIdentifier>
    </Filter>
    <Filter Include="Lilac\Events">
      <UniqueIdentifier>{2EDF6F94-1A42-FF38-C3C7-37EFAF09CBBB}</UniqueIdentifier>
    </Filter>
  </ItemGroup>
  <ItemGroup>
    <ClInclude Include="src\Lilac.h" />
    <ClInclude Include="src\Lilac\Application.h">
      <Filter>Lilac</Filter>
    </ClInclude>
    <ClInclude Include="src\Lilac\Core.h">
      <Filter>Lilac</Filter>
    </ClInclude>
    <ClInclude Include="src\Lilac\EntryPoint.h">
      <Filter>Lilac</Filter>
    </ClInclude>
    <ClInclude Include="src\Lilac\Events\ApplicationEvent.h">
      <Filter>Lilac\Events</Filter>
    </ClInclude>
    <ClInclude Include="src\Lilac\Events\Event.h">
      <Filter>Lilac\Events</Filter>
    </ClInclude>
    <ClInclude Include="src\Lilac\Events\KeyEvent.h">
      <Filter>Lilac\Events</Filter>
    </ClInclude>
    <ClInclude Include="src\Lilac\Events\MouseEvent.h">
      <Filter>Lilac\Events</Filter>
    </ClInclude>
    <ClInclude Include="src\Lilac\Log.h">
      <Filter>Lilac</Filter>
    </ClInclude>
    <ClInclude Include="src\llpch.h" />
  </ItemGroup>
  <ItemGroup>
    <ClCompile Include="src\Lilac\Application.cpp">
      <Filter>Lilac</Filter>
    </ClCompile>
    <ClCompile Include="src\Lilac\Log.cpp">
      <Filter>Lilac</Filter>
    </ClCompile>
    <ClCompile Include="src\llpch.cpp" />
  </ItemGroup>
</Project>